# THIS IS AN AUTOGENERATED FILE. DO NOT EDIT THIS FILE DIRECTLY.
# yarn lockfile v1


"@tauri-apps/api@^2.8.0":
  version "2.11.1"
  resolved "https://registry.npmjs.org/@tauri-apps/api/-/api-2.11.1.tgz"
  integrity sha512-M2FPuYND2m+wh5hfW9ZpSdxMPdEJovPBWwoHJmwUpysTYNHaOkVFN419m/K0LIgjb/7KU2vBgsUepJWugQCvAA==

"@tauri-apps/cli-win32-x64-msvc@2.9.4":
  version "2.9.4"
  resolved "https://registry.npmjs.org/@tauri-apps/cli-win32-x64-msvc/-/cli-win32-x64-msvc-2.9.4.tgz"
  integrity sha512-EdYd4c9wGvtPB95kqtEyY+bUR+k4kRw3IA30mAQ1jPH6z57AftT8q84qwv0RDp6kkEqOBKxeInKfqi4BESYuqg==

"@tauri-apps/cli@^2":
  version "2.9.4"
  resolved "https://registry.npmjs.org/@tauri-apps/cli/-/cli-2.9.4.tgz"
  integrity sha512-pvylWC9QckrOS9ATWXIXcgu7g2hKK5xTL5ZQyZU/U0n9l88SEFGcWgLQNa8WZmd+wWIOWhkxOFcOl3i6ubDNNw==
  optionalDependencies:
    "@tauri-apps/cli-darwin-arm64" "2.9.4"
    "@tauri-apps/cli-darwin-x64" "2.9.4"
    "@tauri-apps/cli-linux-arm-gnueabihf" "2.9.4"
    "@tauri-apps/cli-linux-arm64-gnu" "2.9.4"
    "@tauri-apps/cli-linux-arm64-musl" "2.9.4"
    "@tauri-apps/cli-linux-riscv64-gnu" "2.9.4"
    "@tauri-apps/cli-linux-x64-gnu" "2.9.4"
    "@tauri-apps/cli-linux-x64-musl" "2.9.4"
    "@tauri-apps/cli-win32-arm64-msvc" "2.9.4"
    "@tauri-apps/cli-win32-ia32-msvc" "2.9.4"
    "@tauri-apps/cli-win32-x64-msvc" "2.9.4"

"@tauri-apps/plugin-os@^2.3.2":
  version "2.3.2"
  resolved "https://registry.npmjs.org/@tauri-apps/plugin-os/-/plugin-os-2.3.2.tgz"
  integrity sha512-n+nXWeuSeF9wcEsSPmRnBEGrRgOy6jjkSU+UVCOV8YUGKb2erhDOxis7IqRXiRVHhY8XMKks00BJ0OAdkpf6+A==
  dependencies:
    "@tauri-apps/api" "^2.8.0"
